
Microsoft Visual Studio Solution File, Format Version 12.00
# Visual Studio Version 16
VisualStudioVersion = 16.0.30517.126
MinimumVisualStudioVersion = 10.0.40219.1
Project("{FAE04EC0-301F-11D3-BF4B-00C04F79EFBC}") = "thingslineWeb", "Web\Web.csproj", "{328C5440-6E05-40FB-B4C6-4969AD225225}"
EndProject
Project("{9A19103F-16F7-4668-BE54-9A1E7A4F7556}") = "ThingsLineAPIs", "APIs\ThingsLineAPIs.csproj", "{560FC94E-BB92-422A-9895-87F5890B8888}"
EndProject
Project("{FAE04EC0-301F-11D3-BF4B-00C04F79EFBC}") = "ThingsLine", "module\ThingsLine.csproj", "{0CE42393-8994-49EF-AED4-1571075F2937}"
EndProject
Project("{FAE04EC0-301F-11D3-BF4B-00C04F79EFBC}") = "ThingsLineTests", "Tests\ThingsLineTests.csproj", "{66AEA982-503C-4AB6-ADA7-55C8D4713D2E}"
EndProject
Project("{FAE04EC0-301F-11D3-BF4B-00C04F79EFBC}") = "Lab", "Lab\Lab.csproj", "{F6FF9571-8AD7-404A-9E3A-F034C1318F6B}"
EndProject
Global
	GlobalSection(SolutionConfigurationPlatforms) = preSolution
		Debug|Any CPU = Debug|Any CPU
		Debug|x64 = Debug|x64
		Debug|x86 = Debug|x86
		Release|Any CPU = Release|Any CPU
		Release|x64 = Release|x64
		Release|x86 = Release|x86
	EndGlobalSection
	GlobalSection(ProjectConfigurationPlatforms) = postSolution
		{328C5440-6E05-40FB-B4C6-4969AD225225}.Debug|Any CPU.ActiveCfg = Debug|Any CPU
		{328C5440-6E05-40FB-B4C6-4969AD225225}.Debug|Any CPU.Build.0 = Debug|Any CPU
		{328C5440-6E05-40FB-B4C6-4969AD225225}.Debug|x64.ActiveCfg = Debug|x64
		{328C5440-6E05-40FB-B4C6-4969AD225225}.Debug|x64.Build.0 = Debug|x64
		{328C5440-6E05-40FB-B4C6-4969AD225225}.Debug|x86.ActiveCfg = Debug|x86
		{328C5440-6E05-40FB-B4C6-4969AD225225}.Debug|x86.Build.0 = Debug|x86
		{328C5440-6E05-40FB-B4C6-4969AD225225}.Release|Any CPU.ActiveCfg = Release|Any CPU
		{328C5440-6E05-40FB-B4C6-4969AD225225}.Release|Any CPU.Build.0 = Release|Any CPU
		{328C5440-6E05-40FB-B4C6-4969AD225225}.Release|x64.ActiveCfg = Release|x64
		{328C5440-6E05-40FB-B4C6-4969AD225225}.Release|x64.Build.0 = Release|x64
		{328C5440-6E05-40FB-B4C6-4969AD225225}.Release|x86.ActiveCfg = Release|x86
		{328C5440-6E05-40FB-B4C6-4969AD225225}.Release|x86.Build.0 = Release|x86
		{560FC94E-BB92-422A-9895-87F5890B8888}.Debug|Any CPU.ActiveCfg = Debug|Any CPU
		{560FC94E-BB92-422A-9895-87F5890B8888}.Debug|Any CPU.Build.0 = Debug|Any CPU
		{560FC94E-BB92-422A-9895-87F5890B8888}.Debug|x64.ActiveCfg = Debug|Any CPU
		{560FC94E-BB92-422A-9895-87F5890B8888}.Debug|x64.Build.0 = Debug|Any CPU
		{560FC94E-BB92-422A-9895-87F5890B8888}.Debug|x86.ActiveCfg = Debug|Any CPU
		{560FC94E-BB92-422A-9895-87F5890B8888}.Debug|x86.Build.0 = Debug|Any CPU
		{560FC94E-BB92-422A-9895-87F5890B8888}.Release|Any CPU.ActiveCfg = Release|Any CPU
		{560FC94E-BB92-422A-9895-87F5890B8888}.Release|Any CPU.Build.0 = Release|Any CPU
		{560FC94E-BB92-422A-9895-87F5890B8888}.Release|x64.ActiveCfg = Release|Any CPU
		{560FC94E-BB92-422A-9895-87F5890B8888}.Release|x64.Build.0 = Release|Any CPU
		{560FC94E-BB92-422A-9895-87F5890B8888}.Release|x86.ActiveCfg = Release|Any CPU
		{560FC94E-BB92-422A-9895-87F5890B8888}.Release|x86.Build.0 = Release|Any CPU
		{0CE42393-8994-49EF-AED4-1571075F2937}.Debug|Any CPU.ActiveCfg = Debug|Any CPU
		{0CE42393-8994-49EF-AED4-1571075F2937}.Debug|Any CPU.Build.0 = Debug|Any CPU
		{0CE42393-8994-49EF-AED4-1571075F2937}.Debug|x64.ActiveCfg = Debug|Any CPU
		{0CE42393-8994-49EF-AED4-1571075F2937}.Debug|x64.Build.0 = Debug|Any CPU
		{0CE42393-8994-49EF-AED4-1571075F2937}.Debug|x86.ActiveCfg = Debug|Any CPU
		{0CE42393-8994-49EF-AED4-1571075F2937}.Debug|x86.Build.0 = Debug|Any CPU
		{0CE42393-8994-49EF-AED4-1571075F2937}.Release|Any CPU.ActiveCfg = Release|Any CPU
		{0CE42393-8994-49EF-AED4-1571075F2937}.Release|Any CPU.Build.0 = Release|Any CPU
		{0CE42393-8994-49EF-AED4-1571075F2937}.Release|x64.ActiveCfg = Release|Any CPU
		{0CE42393-8994-49EF-AED4-1571075F2937}.Release|x64.Build.0 = Release|Any CPU
		{0CE42393-8994-49EF-AED4-1571075F2937}.Release|x86.ActiveCfg = Release|Any CPU
		{0CE42393-8994-49EF-AED4-1571075F2937}.Release|x86.Build.0 = Release|Any CPU
		{66AEA982-503C-4AB6-ADA7-55C8D4713D2E}.Debug|Any CPU.ActiveCfg = Debug|Any CPU
		{66AEA982-503C-4AB6-ADA7-55C8D4713D2E}.Debug|Any CPU.Build.0 = Debug|Any CPU
		{66AEA982-503C-4AB6-ADA7-55C8D4713D2E}.Debug|x64.ActiveCfg = Debug|Any CPU
		{66AEA982-503C-4AB6-ADA7-55C8D4713D2E}.Debug|x64.Build.0 = Debug|Any CPU
		{66AEA982-503C-4AB6-ADA7-55C8D4713D2E}.Debug|x86.ActiveCfg = Debug|Any CPU
		{66AEA982-503C-4AB6-ADA7-55C8D4713D2E}.Debug|x86.Build.0 = Debug|Any CPU
		{66AEA982-503C-4AB6-ADA7-55C8D4713D2E}.Release|Any CPU.ActiveCfg = Release|Any CPU
		{66AEA982-503C-4AB6-ADA7-55C8D4713D2E}.Release|Any CPU.Build.0 = Release|Any CPU
		{66AEA982-503C-4AB6-ADA7-55C8D4713D2E}.Release|x64.ActiveCfg = Release|Any CPU
		{66AEA982-503C-4AB6-ADA7-55C8D4713D2E}.Release|x64.Build.0 = Release|Any CPU
		{66AEA982-503C-4AB6-ADA7-55C8D4713D2E}.Release|x86.ActiveCfg = Release|Any CPU
		{66AEA982-503C-4AB6-ADA7-55C8D4713D2E}.Release|x86.Build.0 = Release|Any CPU
		{F6FF9571-8AD7-404A-9E3A-F034C1318F6B}.Debug|Any CPU.ActiveCfg = Debug|Any CPU
		{F6FF9571-8AD7-404A-9E3A-F034C1318F6B}.Debug|Any CPU.Build.0 = Debug|Any CPU
		{F6FF9571-8AD7-404A-9E3A-F034C1318F6B}.Debug|x64.ActiveCfg = Debug|Any CPU
		{F6FF9571-8AD7-404A-9E3A-F034C1318F6B}.Debug|x64.Build.0 = Debug|Any CPU
		{F6FF9571-8AD7-404A-9E3A-F034C1318F6B}.Debug|x86.ActiveCfg = Debug|Any CPU
		{F6FF9571-8AD7-404A-9E3A-F034C1318F6B}.Debug|x86.Build.0 = Debug|Any CPU
		{F6FF9571-8AD7-404A-9E3A-F034C1318F6B}.Release|Any CPU.ActiveCfg = Release|Any CPU
		{F6FF9571-8AD7-404A-9E3A-F034C1318F6B}.Release|Any CPU.Build.0 = Release|Any CPU
		{F6FF9571-8AD7-404A-9E3A-F034C1318F6B}.Release|x64.ActiveCfg = Release|Any CPU
		{F6FF9571-8AD7-404A-9E3A-F034C1318F6B}.Release|x64.Build.0 = Release|Any CPU
		{F6FF9571-8AD7-404A-9E3A-F034C1318F6B}.Release|x86.ActiveCfg = Release|Any CPU
		{F6FF9571-8AD7-404A-9E3A-F034C1318F6B}.Release|x86.Build.0 = Release|Any CPU
		{EEF26198-6E7D-47D0-96D0-95F782025CDD}.Debug|Any CPU.ActiveCfg = Debug|Any CPU
		{EEF26198-6E7D-47D0-96D0-95F782025CDD}.Debug|Any CPU.Build.0 = Debug|Any CPU
		{EEF26198-6E7D-47D0-96D0-95F782025CDD}.Debug|x64.ActiveCfg = Debug|Any CPU
		{EEF26198-6E7D-47D0-96D0-95F782025CDD}.Debug|x64.Build.0 = Debug|Any CPU
		{EEF26198-6E7D-47D0-96D0-95F782025CDD}.Debug|x86.ActiveCfg = Debug|Any CPU
		{EEF26198-6E7D-47D0-96D0-95F782025CDD}.Debug|x86.Build.0 = Debug|Any CPU
		{EEF26198-6E7D-47D0-96D0-95F782025CDD}.Release|Any CPU.ActiveCfg = Release|Any CPU
		{EEF26198-6E7D-47D0-96D0-95F782025CDD}.Release|Any CPU.Build.0 = Release|Any CPU
		{EEF26198-6E7D-47D0-96D0-95F782025CDD}.Release|x64.ActiveCfg = Release|Any CPU
		{EEF26198-6E7D-47D0-96D0-95F782025CDD}.Release|x64.Build.0 = Release|Any CPU
		{EEF26198-6E7D-47D0-96D0-95F782025CDD}.Release|x86.ActiveCfg = Release|Any CPU
		{EEF26198-6E7D-47D0-96D0-95F782025CDD}.Release|x86.Build.0 = Release|Any CPU
	EndGlobalSection
	GlobalSection(SolutionProperties) = preSolution
		HideSolutionNode = FALSE
	EndGlobalSection
	GlobalSection(ExtensibilityGlobals) = postSolution
		SolutionGuid = {EE0FA109-C386-42FA-BCE7-C69A8649A022}
	EndGlobalSection
EndGlobal
