
Microsoft Visual Studio Solution File, Format Version 12.00
# Visual Studio Version 16
VisualStudioVersion = 16.0.30517.126
MinimumVisualStudioVersion = 10.0.40219.1
Project("{FAE04EC0-301F-11D3-BF4B-00C04F79EFBC}") = "thingslineWeb", "Web\thingslineWeb.csproj", "{328C5440-6E05-40FB-B4C6-4969AD225225}"
EndProject
Project("{9A19103F-16F7-4668-BE54-9A1E7A4F7556}") = "ThingsLineAPIs", "APIs\ThingsLineAPIs.csproj", "{560FC94E-BB92-422A-9895-87F5890B8888}"
EndProject
Project("{FAE04EC0-301F-11D3-BF4B-00C04F79EFBC}") = "module", "module\module.csproj", "{0CE42393-8994-49EF-AED4-1571075F2937}"
EndProject
Project("{9A19103F-16F7-4668-BE54-9A1E7A4F7556}") = "WHookAPIs", "EventAPIs\WHookAPIs.csproj", "{7F8C21C9-C843-45BD-88D3-1B9073E0D0AC}"
EndProject
Global
	GlobalSection(SolutionConfigurationPlatforms) = preSolution
		Debug|Any CPU = Debug|Any CPU
		Release|Any CPU = Release|Any CPU
	EndGlobalSection
	GlobalSection(ProjectConfigurationPlatforms) = postSolution
		{328C5440-6E05-40FB-B4C6-4969AD225225}.Debug|Any CPU.ActiveCfg = Debug|Any CPU
		{328C5440-6E05-40FB-B4C6-4969AD225225}.Debug|Any CPU.Build.0 = Debug|Any CPU
		{328C5440-6E05-40FB-B4C6-4969AD225225}.Release|Any CPU.ActiveCfg = Release|Any CPU
		{328C5440-6E05-40FB-B4C6-4969AD225225}.Release|Any CPU.Build.0 = Release|Any CPU
		{560FC94E-BB92-422A-9895-87F5890B8888}.Debug|Any CPU.ActiveCfg = Debug|Any CPU
		{560FC94E-BB92-422A-9895-87F5890B8888}.Debug|Any CPU.Build.0 = Debug|Any CPU
		{560FC94E-BB92-422A-9895-87F5890B8888}.Release|Any CPU.ActiveCfg = Release|Any CPU
		{560FC94E-BB92-422A-9895-87F5890B8888}.Release|Any CPU.Build.0 = Release|Any CPU
		{0CE42393-8994-49EF-AED4-1571075F2937}.Debug|Any CPU.ActiveCfg = Debug|Any CPU
		{0CE42393-8994-49EF-AED4-1571075F2937}.Debug|Any CPU.Build.0 = Debug|Any CPU
		{0CE42393-8994-49EF-AED4-1571075F2937}.Release|Any CPU.ActiveCfg = Release|Any CPU
		{0CE42393-8994-49EF-AED4-1571075F2937}.Release|Any CPU.Build.0 = Release|Any CPU
		{7F8C21C9-C843-45BD-88D3-1B9073E0D0AC}.Debug|Any CPU.ActiveCfg = Debug|Any CPU
		{7F8C21C9-C843-45BD-88D3-1B9073E0D0AC}.Debug|Any CPU.Build.0 = Debug|Any CPU
		{7F8C21C9-C843-45BD-88D3-1B9073E0D0AC}.Release|Any CPU.ActiveCfg = Release|Any CPU
		{7F8C21C9-C843-45BD-88D3-1B9073E0D0AC}.Release|Any CPU.Build.0 = Release|Any CPU
	EndGlobalSection
	GlobalSection(SolutionProperties) = preSolution
		HideSolutionNode = FALSE
	EndGlobalSection
	GlobalSection(ExtensibilityGlobals) = postSolution
		SolutionGuid = {EE0FA109-C386-42FA-BCE7-C69A8649A022}
	EndGlobalSection
EndGlobal
