
Microsoft Visual Studio Solution File, Format Version 12.00
# Visual Studio Version 16
VisualStudioVersion = 16.0.30517.126
MinimumVisualStudioVersion = 10.0.40219.1
Project("{FAE04EC0-301F-11D3-BF4B-00C04F79EFBC}") = "thingslineWeb", "thingslineWeb\thingslineWeb.csproj", "{328C5440-6E05-40FB-B4C6-4969AD225225}"
EndProject
Project("{9A19103F-16F7-4668-BE54-9A1E7A4F7556}") = "WHookAPIs", "..\API\EventAction\WHookAPIs.csproj", "{49727767-2301-4CCC-B095-8496C49E1C70}"
EndProject
Project("{FAE04EC0-301F-11D3-BF4B-00C04F79EFBC}") = "module", "module\module.csproj", "{0CE42393-8994-49EF-AED4-1571075F2937}"
EndProject
Project("{9A19103F-16F7-4668-BE54-9A1E7A4F7556}") = "ThingsLineAPIs", "..\LINEAPIs\ThingsLineAPIs.csproj", "{642D1A4E-5855-4439-9A49-5CF938BE9769}"
EndProject
Global
	GlobalSection(SolutionConfigurationPlatforms) = preSolution
		Debug|Any CPU = Debug|Any CPU
		Release|Any CPU = Release|Any CPU
	EndGlobalSection
	GlobalSection(ProjectConfigurationPlatforms) = postSolution
		{328C5440-6E05-40FB-B4C6-4969AD225225}.Debug|Any CPU.ActiveCfg = Debug|Any CPU
		{328C5440-6E05-40FB-B4C6-4969AD225225}.Debug|Any CPU.Build.0 = Debug|Any CPU
		{328C5440-6E05-40FB-B4C6-4969AD225225}.Release|Any CPU.ActiveCfg = Release|Any CPU
		{328C5440-6E05-40FB-B4C6-4969AD225225}.Release|Any CPU.Build.0 = Release|Any CPU
		{49727767-2301-4CCC-B095-8496C49E1C70}.Debug|Any CPU.ActiveCfg = Debug|Any CPU
		{49727767-2301-4CCC-B095-8496C49E1C70}.Debug|Any CPU.Build.0 = Debug|Any CPU
		{49727767-2301-4CCC-B095-8496C49E1C70}.Release|Any CPU.ActiveCfg = Release|Any CPU
		{49727767-2301-4CCC-B095-8496C49E1C70}.Release|Any CPU.Build.0 = Release|Any CPU
		{0CE42393-8994-49EF-AED4-1571075F2937}.Debug|Any CPU.ActiveCfg = Debug|Any CPU
		{0CE42393-8994-49EF-AED4-1571075F2937}.Debug|Any CPU.Build.0 = Debug|Any CPU
		{0CE42393-8994-49EF-AED4-1571075F2937}.Release|Any CPU.ActiveCfg = Release|Any CPU
		{0CE42393-8994-49EF-AED4-1571075F2937}.Release|Any CPU.Build.0 = Release|Any CPU
		{642D1A4E-5855-4439-9A49-5CF938BE9769}.Debug|Any CPU.ActiveCfg = Debug|Any CPU
		{642D1A4E-5855-4439-9A49-5CF938BE9769}.Debug|Any CPU.Build.0 = Debug|Any CPU
		{642D1A4E-5855-4439-9A49-5CF938BE9769}.Release|Any CPU.ActiveCfg = Release|Any CPU
		{642D1A4E-5855-4439-9A49-5CF938BE9769}.Release|Any CPU.Build.0 = Release|Any CPU
	EndGlobalSection
	GlobalSection(SolutionProperties) = preSolution
		HideSolutionNode = FALSE
	EndGlobalSection
	GlobalSection(ExtensibilityGlobals) = postSolution
		SolutionGuid = {EE0FA109-C386-42FA-BCE7-C69A8649A022}
	EndGlobalSection
EndGlobal
